
Microsoft Visual Studio Solution File, Format Version 12.00
# Visual Studio Version 16
VisualStudioVersion = 16.0.30517.126
MinimumVisualStudioVersion = 10.0.40219.1
Project("{9A19103F-16F7-4668-BE54-9A1E7A4F7556}") = "Ekay.Domain", "Ekay.Domain\Ekay.Domain.csproj", "{344BA52B-6EE4-4E15-B78B-ED40BEFE433A}"
EndProject
Project("{9A19103F-16F7-4668-BE54-9A1E7A4F7556}") = "Ekay.Infraestructure", "Ekay.Infraestructure\Ekay.Infraestructure.csproj", "{E3DA3F3B-82E9-472A-A414-2E8FF463A629}"
EndProject
Project("{9A19103F-16F7-4668-BE54-9A1E7A4F7556}") = "Ekay.Api", "Ekay.Api\Ekay.Api.csproj", "{C7F6E391-897F-430C-B6A5-D29B4D25B330}"
EndProject
Project("{9A19103F-16F7-4668-BE54-9A1E7A4F7556}") = "Ekay.Application", "Ekay.Application\Ekay.Application.csproj", "{81268033-EE7F-472B-9114-5722158DF047}"
EndProject
Global
	GlobalSection(SolutionConfigurationPlatforms) = preSolution
		Debug|Any CPU = Debug|Any CPU
		Release|Any CPU = Release|Any CPU
	EndGlobalSection
	GlobalSection(ProjectConfigurationPlatforms) = postSolution
		{344BA52B-6EE4-4E15-B78B-ED40BEFE433A}.Debug|Any CPU.ActiveCfg = Debug|Any CPU
		{344BA52B-6EE4-4E15-B78B-ED40BEFE433A}.Debug|Any CPU.Build.0 = Debug|Any CPU
		{344BA52B-6EE4-4E15-B78B-ED40BEFE433A}.Release|Any CPU.ActiveCfg = Release|Any CPU
		{344BA52B-6EE4-4E15-B78B-ED40BEFE433A}.Release|Any CPU.Build.0 = Release|Any CPU
		{E3DA3F3B-82E9-472A-A414-2E8FF463A629}.Debug|Any CPU.ActiveCfg = Debug|Any CPU
		{E3DA3F3B-82E9-472A-A414-2E8FF463A629}.Debug|Any CPU.Build.0 = Debug|Any CPU
		{E3DA3F3B-82E9-472A-A414-2E8FF463A629}.Release|Any CPU.ActiveCfg = Release|Any CPU
		{E3DA3F3B-82E9-472A-A414-2E8FF463A629}.Release|Any CPU.Build.0 = Release|Any CPU
		{C7F6E391-897F-430C-B6A5-D29B4D25B330}.Debug|Any CPU.ActiveCfg = Debug|Any CPU
		{C7F6E391-897F-430C-B6A5-D29B4D25B330}.Debug|Any CPU.Build.0 = Debug|Any CPU
		{C7F6E391-897F-430C-B6A5-D29B4D25B330}.Release|Any CPU.ActiveCfg = Release|Any CPU
		{C7F6E391-897F-430C-B6A5-D29B4D25B330}.Release|Any CPU.Build.0 = Release|Any CPU
		{81268033-EE7F-472B-9114-5722158DF047}.Debug|Any CPU.ActiveCfg = Debug|Any CPU
		{81268033-EE7F-472B-9114-5722158DF047}.Debug|Any CPU.Build.0 = Debug|Any CPU
		{81268033-EE7F-472B-9114-5722158DF047}.Release|Any CPU.ActiveCfg = Release|Any CPU
		{81268033-EE7F-472B-9114-5722158DF047}.Release|Any CPU.Build.0 = Release|Any CPU
	EndGlobalSection
	GlobalSection(SolutionProperties) = preSolution
		HideSolutionNode = FALSE
	EndGlobalSection
	GlobalSection(ExtensibilityGlobals) = postSolution
		SolutionGuid = {9DE61E87-16FE-44B0-B0AF-779480F8B73F}
	EndGlobalSection
EndGlobal
